// !$*UTF8*$!
{
	archiveVersion = 1;
	classes = {
	};
	objectVersion = 55;
	objects = {

/* Begin PBXBuildFile section */
		423C337027E2E30800B47344 /* swiftUI001App.swift in Sources */ = {isa = PBXBuildFile; fileRef = 423C336F27E2E30800B47344 /* swiftUI001App.swift */; };
		423C337227E2E30800B47344 /* ContentView.swift in Sources */ = {isa = PBXBuildFile; fileRef = 423C337127E2E30800B47344 /* ContentView.swift */; };
		423C337427E2E30E00B47344 /* Assets.xcassets in Resources */ = {isa = PBXBuildFile; fileRef = 423C337327E2E30E00B47344 /* Assets.xcassets */; };
		423C337727E2E30E00B47344 /* Preview Assets.xcassets in Resources */ = {isa = PBXBuildFile; fileRef = 423C337627E2E30E00B47344 /* Preview Assets.xcassets */; };
		423C337927E2E30E00B47344 /* Persistence.swift in Sources */ = {isa = PBXBuildFile; fileRef = 423C337827E2E30E00B47344 /* Persistence.swift */; };
		423C337C27E2E30E00B47344 /* swiftUI001.xcdatamodeld in Sources */ = {isa = PBXBuildFile; fileRef = 423C337A27E2E30E00B47344 /* swiftUI001.xcdatamodeld */; };
		423C338627E2E30F00B47344 /* swiftUI001Tests.swift in Sources */ = {isa = PBXBuildFile; fileRef = 423C338527E2E30F00B47344 /* swiftUI001Tests.swift */; };
		423C339027E2E30F00B47344 /* swiftUI001UITests.swift in Sources */ = {isa = PBXBuildFile; fileRef = 423C338F27E2E30F00B47344 /* swiftUI001UITests.swift */; };
		423C339227E2E30F00B47344 /* swiftUI001UITestsLaunchTests.swift in Sources */ = {isa = PBXBuildFile; fileRef = 423C339127E2E30F00B47344 /* swiftUI001UITestsLaunchTests.swift */; };
/* End PBXBuildFile section */

/* Begin PBXContainerItemProxy section */
		423C338227E2E30F00B47344 /* PBXContainerItemProxy */ = {
			isa = PBXContainerItemProxy;
			containerPortal = 423C336427E2E30800B47344 /* Project object */;
			proxyType = 1;
			remoteGlobalIDString = 423C336B27E2E30800B47344;
			remoteInfo = swiftUI001;
		};
		423C338C27E2E30F00B47344 /* PBXContainerItemProxy */ = {
			isa = PBXContainerItemProxy;
			containerPortal = 423C336427E2E30800B47344 /* Project object */;
			proxyType = 1;
			remoteGlobalIDString = 423C336B27E2E30800B47344;
			remoteInfo = swiftUI001;
		};
/* End PBXContainerItemProxy section */

/* Begin PBXFileReference section */
		423C336C27E2E30800B47344 /* swiftUI001.app */ = {isa = PBXFileReference; explicitFileType = wrapper.application; includeInIndex = 0; path = swiftUI001.app; sourceTree = BUILT_PRODUCTS_DIR; };
		423C336F27E2E30800B47344 /* swiftUI001App.swift */ = {isa = PBXFileReference; lastKnownFileType = sourcecode.swift; path = swiftUI001App.swift; sourceTree = "<group>"; };
		423C337127E2E30800B47344 /* ContentView.swift */ = {isa = PBXFileReference; lastKnownFileType = sourcecode.swift; path = ContentView.swift; sourceTree = "<group>"; };
		423C337327E2E30E00B47344 /* Assets.xcassets */ = {isa = PBXFileReference; lastKnownFileType = folder.assetcatalog; path = Assets.xcassets; sourceTree = "<group>"; };
		423C337627E2E30E00B47344 /* Preview Assets.xcassets */ = {isa = PBXFileReference; lastKnownFileType = folder.assetcatalog; path = "Preview Assets.xcassets"; sourceTree = "<group>"; };
		423C337827E2E30E00B47344 /* Persistence.swift */ = {isa = PBXFileReference; lastKnownFileType = sourcecode.swift; path = Persistence.swift; sourceTree = "<group>"; };
		423C337B27E2E30E00B47344 /* swiftUI001.xcdatamodel */ = {isa = PBXFileReference; lastKnownFileType = wrapper.xcdatamodel; path = swiftUI001.xcdatamodel; sourceTree = "<group>"; };
		423C338127E2E30F00B47344 /* swiftUI001Tests.xctest */ = {isa = PBXFileReference; explicitFileType = wrapper.cfbundle; includeInIndex = 0; path = swiftUI001Tests.xctest; sourceTree = BUILT_PRODUCTS_DIR; };
		423C338527E2E30F00B47344 /* swiftUI001Tests.swift */ = {isa = PBXFileReference; lastKnownFileType = sourcecode.swift; path = swiftUI001Tests.swift; sourceTree = "<group>"; };
		423C338B27E2E30F00B47344 /* swiftUI001UITests.xctest */ = {isa = PBXFileReference; explicitFileType = wrapper.cfbundle; includeInIndex = 0; path = swiftUI001UITests.xctest; sourceTree = BUILT_PRODUCTS_DIR; };
		423C338F27E2E30F00B47344 /* swiftUI001UITests.swift */ = {isa = PBXFileReference; lastKnownFileType = sourcecode.swift; path = swiftUI001UITests.swift; sourceTree = "<group>"; };
		423C339127E2E30F00B47344 /* swiftUI001UITestsLaunchTests.swift */ = {isa = PBXFileReference; lastKnownFileType = sourcecode.swift; path = swiftUI001UITestsLaunchTests.swift; sourceTree = "<group>"; };
/* End PBXFileReference section */

/* Begin PBXFrameworksBuildPhase section */
		423C336927E2E30800B47344 /* Frameworks */ = {
			isa = PBXFrameworksBuildPhase;
			buildActionMask = 2147483647;
			files = (
			);
			runOnlyForDeploymentPostprocessing = 0;
		};
		423C337E27E2E30F00B47344 /* Frameworks */ = {
			isa = PBXFrameworksBuildPhase;
			buildActionMask = 2147483647;
			files = (
			);
			runOnlyForDeploymentPostprocessing = 0;
		};
		423C338827E2E30F00B47344 /* Frameworks */ = {
			isa = PBXFrameworksBuildPhase;
			buildActionMask = 2147483647;
			files = (
			);
			runOnlyForDeploymentPostprocessing = 0;
		};
/* End PBXFrameworksBuildPhase section */

/* Begin PBXGroup section */
		423C336327E2E30800B47344 = {
			isa = PBXGroup;
			children = (
				423C336E27E2E30800B47344 /* swiftUI001 */,
				423C338427E2E30F00B47344 /* swiftUI001Tests */,
				423C338E27E2E30F00B47344 /* swiftUI001UITests */,
				423C336D27E2E30800B47344 /* Products */,
			);
			sourceTree = "<group>";
		};
		423C336D27E2E30800B47344 /* Products */ = {
			isa = PBXGroup;
			children = (
				423C336C27E2E30800B47344 /* swiftUI001.app */,
				423C338127E2E30F00B47344 /* swiftUI001Tests.xctest */,
				423C338B27E2E30F00B47344 /* swiftUI001UITests.xctest */,
			);
			name = Products;
			sourceTree = "<group>";
		};
		423C336E27E2E30800B47344 /* swiftUI001 */ = {
			isa = PBXGroup;
			children = (
				423C336F27E2E30800B47344 /* swiftUI001App.swift */,
				423C337127E2E30800B47344 /* ContentView.swift */,
				423C337327E2E30E00B47344 /* Assets.xcassets */,
				423C337827E2E30E00B47344 /* Persistence.swift */,
				423C337A27E2E30E00B47344 /* swiftUI001.xcdatamodeld */,
				423C337527E2E30E00B47344 /* Preview Content */,
			);
			path = swiftUI001;
			sourceTree = "<group>";
		};
		423C337527E2E30E00B47344 /* Preview Content */ = {
			isa = PBXGroup;
			children = (
				423C337627E2E30E00B47344 /* Preview Assets.xcassets */,
			);
			path = "Preview Content";
			sourceTree = "<group>";
		};
		423C338427E2E30F00B47344 /* swiftUI001Tests */ = {
			isa = PBXGroup;
			children = (
				423C338527E2E30F00B47344 /* swiftUI001Tests.swift */,
			);
			path = swiftUI001Tests;
			sourceTree = "<group>";
		};
		423C338E27E2E30F00B47344 /* swiftUI001UITests */ = {
			isa = PBXGroup;
			children = (
				423C338F27E2E30F00B47344 /* swiftUI001UITests.swift */,
				423C339127E2E30F00B47344 /* swiftUI001UITestsLaunchTests.swift */,
			);
			path = swiftUI001UITests;
			sourceTree = "<group>";
		};
/* End PBXGroup section */

/* Begin PBXNativeTarget section */
		423C336B27E2E30800B47344 /* swiftUI001 */ = {
			isa = PBXNativeTarget;
			buildConfigurationList = 423C339527E2E30F00B47344 /* Build configuration list for PBXNativeTarget "swiftUI001" */;
			buildPhases = (
				423C336827E2E30800B47344 /* Sources */,
				423C336927E2E30800B47344 /* Frameworks */,
				423C336A27E2E30800B47344 /* Resources */,
			);
			buildRules = (
			);
			dependencies = (
			);
			name = swiftUI001;
			productName = swiftUI001;
			productReference = 423C336C27E2E30800B47344 /* swiftUI001.app */;
			productType = "com.apple.product-type.application";
		};
		423C338027E2E30F00B47344 /* swiftUI001Tests */ = {
			isa = PBXNativeTarget;
			buildConfigurationList = 423C339827E2E30F00B47344 /* Build configuration list for PBXNativeTarget "swiftUI001Tests" */;
			buildPhases = (
				423C337D27E2E30F00B47344 /* Sources */,
				423C337E27E2E30F00B47344 /* Frameworks */,
				423C337F27E2E30F00B47344 /* Resources */,
			);
			buildRules = (
			);
			dependencies = (
				423C338327E2E30F00B47344 /* PBXTargetDependency */,
			);
			name = swiftUI001Tests;
			productName = swiftUI001Tests;
			productReference = 423C338127E2E30F00B47344 /* swiftUI001Tests.xctest */;
			productType = "com.apple.product-type.bundle.unit-test";
		};
		423C338A27E2E30F00B47344 /* swiftUI001UITests */ = {
			isa = PBXNativeTarget;
			buildConfigurationList = 423C339B27E2E30F00B47344 /* Build configuration list for PBXNativeTarget "swiftUI001UITests" */;
			buildPhases = (
				423C338727E2E30F00B47344 /* Sources */,
				423C338827E2E30F00B47344 /* Frameworks */,
				423C338927E2E30F00B47344 /* Resources */,
			);
			buildRules = (
			);
			dependencies = (
				423C338D27E2E30F00B47344 /* PBXTargetDependency */,
			);
			name = swiftUI001UITests;
			productName = swiftUI001UITests;
			productReference = 423C338B27E2E30F00B47344 /* swiftUI001UITests.xctest */;
			productType = "com.apple.product-type.bundle.ui-testing";
		};
/* End PBXNativeTarget section */

/* Begin PBXProject section */
		423C336427E2E30800B47344 /* Project object */ = {
			isa = PBXProject;
			attributes = {
				BuildIndependentTargetsInParallel = 1;
				LastSwiftUpdateCheck = 1310;
				LastUpgradeCheck = 1310;
				TargetAttributes = {
					423C336B27E2E30800B47344 = {
						CreatedOnToolsVersion = 13.1;
					};
					423C338027E2E30F00B47344 = {
						CreatedOnToolsVersion = 13.1;
						TestTargetID = 423C336B27E2E30800B47344;
					};
					423C338A27E2E30F00B47344 = {
						CreatedOnToolsVersion = 13.1;
						TestTargetID = 423C336B27E2E30800B47344;
					};
				};
			};
			buildConfigurationList = 423C336727E2E30800B47344 /* Build configuration list for PBXProject "swiftUI001" */;
			compatibilityVersion = "Xcode 13.0";
			developmentRegion = en;
			hasScannedForEncodings = 0;
			knownRegions = (
				en,
				Base,
			);
			mainGroup = 423C336327E2E30800B47344;
			productRefGroup = 423C336D27E2E30800B47344 /* Products */;
			projectDirPath = "";
			projectRoot = "";
			targets = (
				423C336B27E2E30800B47344 /* swiftUI001 */,
				423C338027E2E30F00B47344 /* swiftUI001Tests */,
				423C338A27E2E30F00B47344 /* swiftUI001UITests */,
			);
		};
/* End PBXProject section */

/* Begin PBXResourcesBuildPhase section */
		423C336A27E2E30800B47344 /* Resources */ = {
			isa = PBXResourcesBuildPhase;
			buildActionMask = 2147483647;
			files = (
				423C337727E2E30E00B47344 /* Preview Assets.xcassets in Resources */,
				423C337427E2E30E00B47344 /* Assets.xcassets in Resources */,
			);
			runOnlyForDeploymentPostprocessing = 0;
		};
		423C337F27E2E30F00B47344 /* Resources */ = {
			isa = PBXResourcesBuildPhase;
			buildActionMask = 2147483647;
			files = (
			);
			runOnlyForDeploymentPostprocessing = 0;
		};
		423C338927E2E30F00B47344 /* Resources */ = {
			isa = PBXResourcesBuildPhase;
			buildActionMask = 2147483647;
			files = (
			);
			runOnlyForDeploymentPostprocessing = 0;
		};
/* End PBXResourcesBuildPhase section */

/* Begin PBXSourcesBuildPhase section */
		423C336827E2E30800B47344 /* Sources */ = {
			isa = PBXSourcesBuildPhase;
			buildActionMask = 2147483647;
			files = (
				423C337927E2E30E00B47344 /* Persistence.swift in Sources */,
				423C337227E2E30800B47344 /* ContentView.swift in Sources */,
				423C337027E2E30800B47344 /* swiftUI001App.swift in Sources */,
				423C337C27E2E30E00B47344 /* swiftUI001.xcdatamodeld in Sources */,
			);
			runOnlyForDeploymentPostprocessing = 0;
		};
		423C337D27E2E30F00B47344 /* Sources */ = {
			isa = PBXSourcesBuildPhase;
			buildActionMask = 2147483647;
			files = (
				423C338627E2E30F00B47344 /* swiftUI001Tests.swift in Sources */,
			);
			runOnlyForDeploymentPostprocessing = 0;
		};
		423C338727E2E30F00B47344 /* Sources */ = {
			isa = PBXSourcesBuildPhase;
			buildActionMask = 2147483647;
			files = (
				423C339227E2E30F00B47344 /* swiftUI001UITestsLaunchTests.swift in Sources */,
				423C339027E2E30F00B47344 /* swiftUI001UITests.swift in Sources */,
			);
			runOnlyForDeploymentPostprocessing = 0;
		};
/* End PBXSourcesBuildPhase section */

/* Begin PBXTargetDependency section */
		423C338327E2E30F00B47344 /* PBXTargetDependency */ = {
			isa = PBXTargetDependency;
			target = 423C336B27E2E30800B47344 /* swiftUI001 */;
			targetProxy = 423C338227E2E30F00B47344 /* PBXContainerItemProxy */;
		};
		423C338D27E2E30F00B47344 /* PBXTargetDependency */ = {
			isa = PBXTargetDependency;
			target = 423C336B27E2E30800B47344 /* swiftUI001 */;
			targetProxy = 423C338C27E2E30F00B47344 /* PBXContainerItemProxy */;
		};
/* End PBXTargetDependency section */

/* Begin XCBuildConfiguration section */
		423C339327E2E30F00B47344 /* Debug */ = {
			isa = XCBuildConfiguration;
			buildSettings = {
				ALWAYS_SEARCH_USER_PATHS = NO;
				CLANG_ANALYZER_NONNULL = YES;
				CLANG_ANALYZER_NUMBER_OBJECT_CONVERSION = YES_AGGRESSIVE;
				CLANG_CXX_LANGUAGE_STANDARD = "gnu++17";
				CLANG_CXX_LIBRARY = "libc++";
				CLANG_ENABLE_MODULES = YES;
				CLANG_ENABLE_OBJC_ARC = YES;
				CLANG_ENABLE_OBJC_WEAK = YES;
				CLANG_WARN_BLOCK_CAPTURE_AUTORELEASING = YES;
				CLANG_WARN_BOOL_CONVERSION = YES;
				CLANG_WARN_COMMA = YES;
				CLANG_WARN_CONSTANT_CONVERSION = YES;
				CLANG_WARN_DEPRECATED_OBJC_IMPLEMENTATIONS = YES;
				CLANG_WARN_DIRECT_OBJC_ISA_USAGE = YES_ERROR;
				CLANG_WARN_DOCUMENTATION_COMMENTS = YES;
				CLANG_WARN_EMPTY_BODY = YES;
				CLANG_WARN_ENUM_CONVERSION = YES;
				CLANG_WARN_INFINITE_RECURSION = YES;
				CLANG_WARN_INT_CONVERSION = YES;
				CLANG_WARN_NON_LITERAL_NULL_CONVERSION = YES;
				CLANG_WARN_OBJC_IMPLICIT_RETAIN_SELF = YES;
				CLANG_WARN_OBJC_LITERAL_CONVERSION = YES;
				CLANG_WARN_OBJC_ROOT_CLASS = YES_ERROR;
				CLANG_WARN_QUOTED_INCLUDE_IN_FRAMEWORK_HEADER = YES;
				CLANG_WARN_RANGE_LOOP_ANALYSIS = YES;
				CLANG_WARN_STRICT_PROTOTYPES = YES;
				CLANG_WARN_SUSPICIOUS_MOVE = YES;
				CLANG_WARN_UNGUARDED_AVAILABILITY = YES_AGGRESSIVE;
				CLANG_WARN_UNREACHABLE_CODE = YES;
				CLANG_WARN__DUPLICATE_METHOD_MATCH = YES;
				COPY_PHASE_STRIP = NO;
				DEBUG_INFORMATION_FORMAT = dwarf;
				ENABLE_STRICT_OBJC_MSGSEND = YES;
				ENABLE_TESTABILITY = YES;
				GCC_C_LANGUAGE_STANDARD = gnu11;
				GCC_DYNAMIC_NO_PIC = NO;
				GCC_NO_COMMON_BLOCKS = YES;
				GCC_OPTIMIZATION_LEVEL = 0;
				GCC_PREPROCESSOR_DEFINITIONS = (
					"DEBUG=1",
					"$(inherited)",
				);
				GCC_WARN_64_TO_32_BIT_CONVERSION = YES;
				GCC_WARN_ABOUT_RETURN_TYPE = YES_ERROR;
				GCC_WARN_UNDECLARED_SELECTOR = YES;
				GCC_WARN_UNINITIALIZED_AUTOS = YES_AGGRESSIVE;
				GCC_WARN_UNUSED_FUNCTION = YES;
				GCC_WARN_UNUSED_VARIABLE = YES;
				IPHONEOS_DEPLOYMENT_TARGET = 15.0;
				MTL_ENABLE_DEBUG_INFO = INCLUDE_SOURCE;
				MTL_FAST_MATH = YES;
				ONLY_ACTIVE_ARCH = YES;
				SDKROOT = iphoneos;
				SWIFT_ACTIVE_COMPILATION_CONDITIONS = DEBUG;
				SWIFT_OPTIMIZATION_LEVEL = "-Onone";
			};
			name = Debug;
		};
		423C339427E2E30F00B47344 /* Release */ = {
			isa = XCBuildConfiguration;
			buildSettings = {
				ALWAYS_SEARCH_USER_PATHS = NO;
				CLANG_ANALYZER_NONNULL = YES;
				CLANG_ANALYZER_NUMBER_OBJECT_CONVERSION = YES_AGGRESSIVE;
				CLANG_CXX_LANGUAGE_STANDARD = "gnu++17";
				CLANG_CXX_LIBRARY = "libc++";
				CLANG_ENABLE_MODULES = YES;
				CLANG_ENABLE_OBJC_ARC = YES;
				CLANG_ENABLE_OBJC_WEAK = YES;
				CLANG_WARN_BLOCK_CAPTURE_AUTORELEASING = YES;
				CLANG_WARN_BOOL_CONVERSION = YES;
				CLANG_WARN_COMMA = YES;
				CLANG_WARN_CONSTANT_CONVERSION = YES;
				CLANG_WARN_DEPRECATED_OBJC_IMPLEMENTATIONS = YES;
				CLANG_WARN_DIRECT_OBJC_ISA_USAGE = YES_ERROR;
				CLANG_WARN_DOCUMENTATION_COMMENTS = YES;
				CLANG_WARN_EMPTY_BODY = YES;
				CLANG_WARN_ENUM_CONVERSION = YES;
				CLANG_WARN_INFINITE_RECURSION = YES;
				CLANG_WARN_INT_CONVERSION = YES;
				CLANG_WARN_NON_LITERAL_NULL_CONVERSION = YES;
				CLANG_WARN_OBJC_IMPLICIT_RETAIN_SELF = YES;
				CLANG_WARN_OBJC_LITERAL_CONVERSION = YES;
				CLANG_WARN_OBJC_ROOT_CLASS = YES_ERROR;
				CLANG_WARN_QUOTED_INCLUDE_IN_FRAMEWORK_HEADER = YES;
				CLANG_WARN_RANGE_LOOP_ANALYSIS = YES;
				CLANG_WARN_STRICT_PROTOTYPES = YES;
				CLANG_WARN_SUSPICIOUS_MOVE = YES;
				CLANG_WARN_UNGUARDED_AVAILABILITY = YES_AGGRESSIVE;
				CLANG_WARN_UNREACHABLE_CODE = YES;
				CLANG_WARN__DUPLICATE_METHOD_MATCH = YES;
				COPY_PHASE_STRIP = NO;
				DEBUG_INFORMATION_FORMAT = "dwarf-with-dsym";
				ENABLE_NS_ASSERTIONS = NO;
				ENABLE_STRICT_OBJC_MSGSEND = YES;
				GCC_C_LANGUAGE_STANDARD = gnu11;
				GCC_NO_COMMON_BLOCKS = YES;
				GCC_WARN_64_TO_32_BIT_CONVERSION = YES;
				GCC_WARN_ABOUT_RETURN_TYPE = YES_ERROR;
				GCC_WARN_UNDECLARED_SELECTOR = YES;
				GCC_WARN_UNINITIALIZED_AUTOS = YES_AGGRESSIVE;
				GCC_WARN_UNUSED_FUNCTION = YES;
				GCC_WARN_UNUSED_VARIABLE = YES;
				IPHONEOS_DEPLOYMENT_TARGET = 15.0;
				MTL_ENABLE_DEBUG_INFO = NO;
				MTL_FAST_MATH = YES;
				SDKROOT = iphoneos;
				SWIFT_COMPILATION_MODE = wholemodule;
				SWIFT_OPTIMIZATION_LEVEL = "-O";
				VALIDATE_PRODUCT = YES;
			};
			name = Release;
		};
		423C339627E2E30F00B47344 /* Debug */ = {
			isa = XCBuildConfiguration;
			buildSettings = {
				ASSETCATALOG_COMPILER_APPICON_NAME = AppIcon;
				ASSETCATALOG_COMPILER_GLOBAL_ACCENT_COLOR_NAME = AccentColor;
				CODE_SIGN_STYLE = Automatic;
				CURRENT_PROJECT_VERSION = 1;
				DEVELOPMENT_ASSET_PATHS = "\"swiftUI001/Preview Content\"";
				DEVELOPMENT_TEAM = MAXC5P62P3;
				ENABLE_PREVIEWS = YES;
				GENERATE_INFOPLIST_FILE = YES;
				INFOPLIST_KEY_UIApplicationSceneManifest_Generation = YES;
				INFOPLIST_KEY_UIApplicationSupportsIndirectInputEvents = YES;
				INFOPLIST_KEY_UILaunchScreen_Generation = YES;
				INFOPLIST_KEY_UISupportedInterfaceOrientations_iPad = "UIInterfaceOrientationPortrait UIInterfaceOrientationPortraitUpsideDown UIInterfaceOrientationLandscapeLeft UIInterfaceOrientationLandscapeRight";
				INFOPLIST_KEY_UISupportedInterfaceOrientations_iPhone = "UIInterfaceOrientationPortrait UIInterfaceOrientationLandscapeLeft UIInterfaceOrientationLandscapeRight";
				LD_RUNPATH_SEARCH_PATHS = (
					"$(inherited)",
					"@executable_path/Frameworks",
				);
				MARKETING_VERSION = 1.0;
				PRODUCT_BUNDLE_IDENTIFIER = ecpay.com.swiftUI001;
				PRODUCT_NAME = "$(TARGET_NAME)";
				SWIFT_EMIT_LOC_STRINGS = YES;
				SWIFT_VERSION = 5.0;
				TARGETED_DEVICE_FAMILY = "1,2";
			};
			name = Debug;
		};
		423C339727E2E30F00B47344 /* Release */ = {
			isa = XCBuildConfiguration;
			buildSettings = {
				ASSETCATALOG_COMPILER_APPICON_NAME = AppIcon;
				ASSETCATALOG_COMPILER_GLOBAL_ACCENT_COLOR_NAME = AccentColor;
				CODE_SIGN_STYLE = Automatic;
				CURRENT_PROJECT_VERSION = 1;
				DEVELOPMENT_ASSET_PATHS = "\"swiftUI001/Preview Content\"";
				DEVELOPMENT_TEAM = MAXC5P62P3;
				ENABLE_PREVIEWS = YES;
				GENERATE_INFOPLIST_FILE = YES;
				INFOPLIST_KEY_UIApplicationSceneManifest_Generation = YES;
				INFOPLIST_KEY_UIApplicationSupportsIndirectInputEvents = YES;
				INFOPLIST_KEY_UILaunchScreen_Generation = YES;
				INFOPLIST_KEY_UISupportedInterfaceOrientations_iPad = "UIInterfaceOrientationPortrait UIInterfaceOrientationPortraitUpsideDown UIInterfaceOrientationLandscapeLeft UIInterfaceOrientationLandscapeRight";
				INFOPLIST_KEY_UISupportedInterfaceOrientations_iPhone = "UIInterfaceOrientationPortrait UIInterfaceOrientationLandscapeLeft UIInterfaceOrientationLandscapeRight";
				LD_RUNPATH_SEARCH_PATHS = (
					"$(inherited)",
					"@executable_path/Frameworks",
				);
				MARKETING_VERSION = 1.0;
				PRODUCT_BUNDLE_IDENTIFIER = ecpay.com.swiftUI001;
				PRODUCT_NAME = "$(TARGET_NAME)";
				SWIFT_EMIT_LOC_STRINGS = YES;
				SWIFT_VERSION = 5.0;
				TARGETED_DEVICE_FAMILY = "1,2";
			};
			name = Release;
		};
		423C339927E2E30F00B47344 /* Debug */ = {
			isa = XCBuildConfiguration;
			buildSettings = {
				ALWAYS_EMBED_SWIFT_STANDARD_LIBRARIES = YES;
				BUNDLE_LOADER = "$(TEST_HOST)";
				CODE_SIGN_STYLE = Automatic;
				CURRENT_PROJECT_VERSION = 1;
				DEVELOPMENT_TEAM = MAXC5P62P3;
				GENERATE_INFOPLIST_FILE = YES;
				IPHONEOS_DEPLOYMENT_TARGET = 15.0;
				LD_RUNPATH_SEARCH_PATHS = (
					"$(inherited)",
					"@executable_path/Frameworks",
					"@loader_path/Frameworks",
				);
				MARKETING_VERSION = 1.0;
				PRODUCT_BUNDLE_IDENTIFIER = ecpay.com.swiftUI001Tests;
				PRODUCT_NAME = "$(TARGET_NAME)";
				SWIFT_EMIT_LOC_STRINGS = NO;
				SWIFT_VERSION = 5.0;
				TARGETED_DEVICE_FAMILY = "1,2";
				TEST_HOST = "$(BUILT_PRODUCTS_DIR)/swiftUI001.app/swiftUI001";
			};
			name = Debug;
		};
		423C339A27E2E30F00B47344 /* Release */ = {
			isa = XCBuildConfiguration;
			buildSettings = {
				ALWAYS_EMBED_SWIFT_STANDARD_LIBRARIES = YES;
				BUNDLE_LOADER = "$(TEST_HOST)";
				CODE_SIGN_STYLE = Automatic;
				CURRENT_PROJECT_VERSION = 1;
				DEVELOPMENT_TEAM = MAXC5P62P3;
				GENERATE_INFOPLIST_FILE = YES;
				IPHONEOS_DEPLOYMENT_TARGET = 15.0;
				LD_RUNPATH_SEARCH_PATHS = (
					"$(inherited)",
					"@executable_path/Frameworks",
					"@loader_path/Frameworks",
				);
				MARKETING_VERSION = 1.0;
				PRODUCT_BUNDLE_IDENTIFIER = ecpay.com.swiftUI001Tests;
				PRODUCT_NAME = "$(TARGET_NAME)";
				SWIFT_EMIT_LOC_STRINGS = NO;
				SWIFT_VERSION = 5.0;
				TARGETED_DEVICE_FAMILY = "1,2";
				TEST_HOST = "$(BUILT_PRODUCTS_DIR)/swiftUI001.app/swiftUI001";
			};
			name = Release;
		};
		423C339C27E2E30F00B47344 /* Debug */ = {
			isa = XCBuildConfiguration;
			buildSettings = {
				ALWAYS_EMBED_SWIFT_STANDARD_LIBRARIES = YES;
				CODE_SIGN_STYLE = Automatic;
				CURRENT_PROJECT_VERSION = 1;
				DEVELOPMENT_TEAM = MAXC5P62P3;
				GENERATE_INFOPLIST_FILE = YES;
				LD_RUNPATH_SEARCH_PATHS = (
					"$(inherited)",
					"@executable_path/Frameworks",
					"@loader_path/Frameworks",
				);
				MARKETING_VERSION = 1.0;
				PRODUCT_BUNDLE_IDENTIFIER = ecpay.com.swiftUI001UITests;
				PRODUCT_NAME = "$(TARGET_NAME)";
				SWIFT_EMIT_LOC_STRINGS = NO;
				SWIFT_VERSION = 5.0;
				TARGETED_DEVICE_FAMILY = "1,2";
				TEST_TARGET_NAME = swiftUI001;
			};
			name = Debug;
		};
		423C339D27E2E30F00B47344 /* Release */ = {
			isa = XCBuildConfiguration;
			buildSettings = {
				ALWAYS_EMBED_SWIFT_STANDARD_LIBRARIES = YES;
				CODE_SIGN_STYLE = Automatic;
				CURRENT_PROJECT_VERSION = 1;
				DEVELOPMENT_TEAM = MAXC5P62P3;
				GENERATE_INFOPLIST_FILE = YES;
				LD_RUNPATH_SEARCH_PATHS = (
					"$(inherited)",
					"@executable_path/Frameworks",
					"@loader_path/Frameworks",
				);
				MARKETING_VERSION = 1.0;
				PRODUCT_BUNDLE_IDENTIFIER = ecpay.com.swiftUI001UITests;
				PRODUCT_NAME = "$(TARGET_NAME)";
				SWIFT_EMIT_LOC_STRINGS = NO;
				SWIFT_VERSION = 5.0;
				TARGETED_DEVICE_FAMILY = "1,2";
				TEST_TARGET_NAME = swiftUI001;
			};
			name = Release;
		};
/* End XCBuildConfiguration section */

/* Begin XCConfigurationList section */
		423C336727E2E30800B47344 /* Build configuration list for PBXProject "swiftUI001" */ = {
			isa = XCConfigurationList;
			buildConfigurations = (
				423C339327E2E30F00B47344 /* Debug */,
				423C339427E2E30F00B47344 /* Release */,
			);
			defaultConfigurationIsVisible = 0;
			defaultConfigurationName = Release;
		};
		423C339527E2E30F00B47344 /* Build configuration list for PBXNativeTarget "swiftUI001" */ = {
			isa = XCConfigurationList;
			buildConfigurations = (
				423C339627E2E30F00B47344 /* Debug */,
				423C339727E2E30F00B47344 /* Release */,
			);
			defaultConfigurationIsVisible = 0;
			defaultConfigurationName = Release;
		};
		423C339827E2E30F00B47344 /* Build configuration list for PBXNativeTarget "swiftUI001Tests" */ = {
			isa = XCConfigurationList;
			buildConfigurations = (
				423C339927E2E30F00B47344 /* Debug */,
				423C339A27E2E30F00B47344 /* Release */,
			);
			defaultConfigurationIsVisible = 0;
			defaultConfigurationName = Release;
		};
		423C339B27E2E30F00B47344 /* Build configuration list for PBXNativeTarget "swiftUI001UITests" */ = {
			isa = XCConfigurationList;
			buildConfigurations = (
				423C339C27E2E30F00B47344 /* Debug */,
				423C339D27E2E30F00B47344 /* Release */,
			);
			defaultConfigurationIsVisible = 0;
			defaultConfigurationName = Release;
		};
/* End XCConfigurationList section */

/* Begin XCVersionGroup section */
		423C337A27E2E30E00B47344 /* swiftUI001.xcdatamodeld */ = {
			isa = XCVersionGroup;
			children = (
				423C337B27E2E30E00B47344 /* swiftUI001.xcdatamodel */,
			);
			currentVersion = 423C337B27E2E30E00B47344 /* swiftUI001.xcdatamodel */;
			path = swiftUI001.xcdatamodeld;
			sourceTree = "<group>";
			versionGroupType = wrapper.xcdatamodel;
		};
/* End XCVersionGroup section */
	};
	rootObject = 423C336427E2E30800B47344 /* Project object */;
}
